
Microsoft Visual Studio Solution File, Format Version 12.00
# Visual Studio 15
VisualStudioVersion = 15.0.27703.2042
MinimumVisualStudioVersion = 10.0.40219.1
Project("{FAE04EC0-301F-11D3-BF4B-00C04F79EFBC}") = "Assembly-CSharp", "Assembly-CSharp.csproj", "{327B1A65-51D4-1B94-6DBC-0F7916D53823}"
EndProject
Global
	GlobalSection(SolutionConfigurationPlatforms) = preSolution
		Debug|Any CPU = Debug|Any CPU
		Release|Any CPU = Release|Any CPU
	EndGlobalSection
	GlobalSection(ProjectConfigurationPlatforms) = postSolution
		{327B1A65-51D4-1B94-6DBC-0F7916D53823}.Debug|Any CPU.ActiveCfg = Debug|Any CPU
		{327B1A65-51D4-1B94-6DBC-0F7916D53823}.Debug|Any CPU.Build.0 = Debug|Any CPU
		{327B1A65-51D4-1B94-6DBC-0F7916D53823}.Release|Any CPU.ActiveCfg = Release|Any CPU
		{327B1A65-51D4-1B94-6DBC-0F7916D53823}.Release|Any CPU.Build.0 = Release|Any CPU
	EndGlobalSection
	GlobalSection(SolutionProperties) = preSolution
		HideSolutionNode = FALSE
	EndGlobalSection
	GlobalSection(ExtensibilityGlobals) = postSolution
		SolutionGuid = {8EC49C7C-D2B2-4D12-B3BB-80844FE3B7F4}
	EndGlobalSection
EndGlobal
